
Microsoft Visual Studio Solution File, Format Version 12.00
Project("{FAE04EC0-301F-11D3-BF4B-00C04F79EFBC}") = "ShoppingCart", "src\ShoppingCart\ShoppingCart.csproj", "{58C2860E-A7ED-45F7-B9EA-7DC3CF010AC7}"
EndProject
Global
	GlobalSection(SolutionConfigurationPlatforms) = preSolution
		Debug|Any CPU = Debug|Any CPU
		Release|Any CPU = Release|Any CPU
	EndGlobalSection
	GlobalSection(ProjectConfigurationPlatforms) = postSolution
		{58C2860E-A7ED-45F7-B9EA-7DC3CF010AC7}.Debug|Any CPU.ActiveCfg = Debug|Any CPU
		{58C2860E-A7ED-45F7-B9EA-7DC3CF010AC7}.Debug|Any CPU.Build.0 = Debug|Any CPU
		{58C2860E-A7ED-45F7-B9EA-7DC3CF010AC7}.Release|Any CPU.ActiveCfg = Release|Any CPU
		{58C2860E-A7ED-45F7-B9EA-7DC3CF010AC7}.Release|Any CPU.Build.0 = Release|Any CPU
	EndGlobalSection
EndGlobal
